{"is_source_file": false, "format": "", "description": "", "external_files": [], "external_methods": [], "published": [], "classes": [], "methods": [], "calls": [], "search-terms": [], "state": 2, "file_id": 18, "knowledge_revision": 37, "git_revision": "33be0e1246563799e094d503112e9e2454412106", "hash": "e9b4c3b42cef0193b7fddb548d37e652", "format-version": 4, "code-base-name": "default", "filename": "trustride/post_process_status.lock", "revision_history": [{"37": "33be0e1246563799e094d503112e9e2454412106"}]}