{"is_source_file": true, "file_id": 34, "git_revision": "8af1a678c665fd9eae43b020a8ea81bd9276ce18", "state": 1, "description": "", "external_files": [], "external_methods": [], "published": [], "classes": [], "methods": [], "calls": [], "search-terms": [], "hash": "e9b4c3b42cef0193b7fddb548d37e652", "format-version": 4, "code-base-name": "default", "filename": "trustride/post_process_status.lock", "knowledge_revision": 161}